
Microsoft Visual Studio Solution File, Format Version 12.00
# Visual Studio 2012
Project("{FAE04EC0-301F-11D3-BF4B-00C04F79EFBC}") = "MyWebApi.Common", "MyWebApi.Common\MyWebApi.Common.csproj", "{92C7D190-A8FB-40B4-A193-1B8325C18274}"
EndProject
Project("{FAE04EC0-301F-11D3-BF4B-00C04F79EFBC}") = "MyWebApi.Data", "MyWebApi.Data\MyWebApi.Data.csproj", "{EF3FE3BD-4AE1-4A5F-A348-34261805160B}"
EndProject
Project("{FAE04EC0-301F-11D3-BF4B-00C04F79EFBC}") = "MyWebApi.Data.SqlServer", "MyWebApi.Data.SqlServer\MyWebApi.Data.SqlServer.csproj", "{F87B7237-9B67-4E87-965D-3E6C85824953}"
	ProjectSection(ProjectDependencies) = postProject
		{92C7D190-A8FB-40B4-A193-1B8325C18274} = {92C7D190-A8FB-40B4-A193-1B8325C18274}
		{EF3FE3BD-4AE1-4A5F-A348-34261805160B} = {EF3FE3BD-4AE1-4A5F-A348-34261805160B}
	EndProjectSection
EndProject
Project("{FAE04EC0-301F-11D3-BF4B-00C04F79EFBC}") = "MyWebApi.Web.Api.Models", "MyWebApi.Web.Api.Models\MyWebApi.Web.Api.Models.csproj", "{7488E8B0-398A-44E5-9E17-6DA803DF1CCF}"
EndProject
Project("{FAE04EC0-301F-11D3-BF4B-00C04F79EFBC}") = "MyWebApi.Web.Common", "MyWebApi.Web.Common\MyWebApi.Web.Common.csproj", "{DEE71B3A-46E7-4A25-8420-DA24A607BBE7}"
	ProjectSection(ProjectDependencies) = postProject
		{92C7D190-A8FB-40B4-A193-1B8325C18274} = {92C7D190-A8FB-40B4-A193-1B8325C18274}
		{EF3FE3BD-4AE1-4A5F-A348-34261805160B} = {EF3FE3BD-4AE1-4A5F-A348-34261805160B}
	EndProjectSection
EndProject
Project("{00D1A9C2-B5F0-4AF3-8072-F6C62B433612}") = "MyWebApiDb", "MyWebApiDb\MyWebApiDb.sqlproj", "{E0F6109A-6CCD-4999-9F6B-662C069F80B1}"
EndProject
Project("{2150E333-8FDC-42A3-9474-1A3956D46DE8}") = "tests", "tests", "{4C587904-4350-4276-A86A-F451B712F3D0}"
EndProject
Project("{FAE04EC0-301F-11D3-BF4B-00C04F79EFBC}") = "MyWebApi.Common.Tests", "MyWebApi.Common.Tests\MyWebApi.Common.Tests.csproj", "{2673E8AD-9F1B-4A9C-95FA-C5E2FD42C068}"
EndProject
Project("{FAE04EC0-301F-11D3-BF4B-00C04F79EFBC}") = "MyWebApi.Data.SqlServer.IntegrationTests", "MyWebApi.Data.SqlServer.IntegrationTests\MyWebApi.Data.SqlServer.IntegrationTests.csproj", "{B9556633-8DB6-4B78-A498-2325E19FD8BD}"
EndProject
Project("{FAE04EC0-301F-11D3-BF4B-00C04F79EFBC}") = "MyWebApi.Data.Tests", "MyWebApi.Data.Tests\MyWebApi.Data.Tests.csproj", "{3AE4BA93-7530-4D43-BC2D-5C103B796EB5}"
EndProject
Project("{FAE04EC0-301F-11D3-BF4B-00C04F79EFBC}") = "MyWebApi.Web.Api.IntegrationTests", "MyWebApi.Web.Api.IntegrationTests\MyWebApi.Web.Api.IntegrationTests.csproj", "{6116307A-F56C-44A6-9A58-FFFAF11464F2}"
EndProject
Project("{FAE04EC0-301F-11D3-BF4B-00C04F79EFBC}") = "MyWebApi.Web.Api.Tests", "MyWebApi.Web.Api.Tests\MyWebApi.Web.Api.Tests.csproj", "{B6DE35E1-DCCC-4FEE-A443-5F1E34DB2A79}"
EndProject
Project("{FAE04EC0-301F-11D3-BF4B-00C04F79EFBC}") = "MyWebApi.Web.Common.Tests", "MyWebApi.Web.Common.Tests\MyWebApi.Web.Common.Tests.csproj", "{2A90F807-B3B7-4491-A2D0-DBA6753C3DF7}"
EndProject
Project("{FAE04EC0-301F-11D3-BF4B-00C04F79EFBC}") = "MyWebApi.Web.Api", "MyWebApi.Web.Api\MyWebApi.Web.Api.csproj", "{74F23A57-8ED9-46D3-B08F-9701DA81D61B}"
EndProject
Global
	GlobalSection(SolutionConfigurationPlatforms) = preSolution
		Debug|Any CPU = Debug|Any CPU
		Release|Any CPU = Release|Any CPU
	EndGlobalSection
	GlobalSection(ProjectConfigurationPlatforms) = postSolution
		{92C7D190-A8FB-40B4-A193-1B8325C18274}.Debug|Any CPU.ActiveCfg = Debug|Any CPU
		{92C7D190-A8FB-40B4-A193-1B8325C18274}.Debug|Any CPU.Build.0 = Debug|Any CPU
		{92C7D190-A8FB-40B4-A193-1B8325C18274}.Release|Any CPU.ActiveCfg = Release|Any CPU
		{92C7D190-A8FB-40B4-A193-1B8325C18274}.Release|Any CPU.Build.0 = Release|Any CPU
		{EF3FE3BD-4AE1-4A5F-A348-34261805160B}.Debug|Any CPU.ActiveCfg = Debug|Any CPU
		{EF3FE3BD-4AE1-4A5F-A348-34261805160B}.Debug|Any CPU.Build.0 = Debug|Any CPU
		{EF3FE3BD-4AE1-4A5F-A348-34261805160B}.Release|Any CPU.ActiveCfg = Release|Any CPU
		{EF3FE3BD-4AE1-4A5F-A348-34261805160B}.Release|Any CPU.Build.0 = Release|Any CPU
		{F87B7237-9B67-4E87-965D-3E6C85824953}.Debug|Any CPU.ActiveCfg = Debug|Any CPU
		{F87B7237-9B67-4E87-965D-3E6C85824953}.Debug|Any CPU.Build.0 = Debug|Any CPU
		{F87B7237-9B67-4E87-965D-3E6C85824953}.Release|Any CPU.ActiveCfg = Release|Any CPU
		{F87B7237-9B67-4E87-965D-3E6C85824953}.Release|Any CPU.Build.0 = Release|Any CPU
		{7488E8B0-398A-44E5-9E17-6DA803DF1CCF}.Debug|Any CPU.ActiveCfg = Debug|Any CPU
		{7488E8B0-398A-44E5-9E17-6DA803DF1CCF}.Debug|Any CPU.Build.0 = Debug|Any CPU
		{7488E8B0-398A-44E5-9E17-6DA803DF1CCF}.Release|Any CPU.ActiveCfg = Release|Any CPU
		{7488E8B0-398A-44E5-9E17-6DA803DF1CCF}.Release|Any CPU.Build.0 = Release|Any CPU
		{DEE71B3A-46E7-4A25-8420-DA24A607BBE7}.Debug|Any CPU.ActiveCfg = Debug|Any CPU
		{DEE71B3A-46E7-4A25-8420-DA24A607BBE7}.Debug|Any CPU.Build.0 = Debug|Any CPU
		{DEE71B3A-46E7-4A25-8420-DA24A607BBE7}.Release|Any CPU.ActiveCfg = Release|Any CPU
		{DEE71B3A-46E7-4A25-8420-DA24A607BBE7}.Release|Any CPU.Build.0 = Release|Any CPU
		{E0F6109A-6CCD-4999-9F6B-662C069F80B1}.Debug|Any CPU.ActiveCfg = Debug|Any CPU
		{E0F6109A-6CCD-4999-9F6B-662C069F80B1}.Debug|Any CPU.Build.0 = Debug|Any CPU
		{E0F6109A-6CCD-4999-9F6B-662C069F80B1}.Debug|Any CPU.Deploy.0 = Debug|Any CPU
		{E0F6109A-6CCD-4999-9F6B-662C069F80B1}.Release|Any CPU.ActiveCfg = Release|Any CPU
		{E0F6109A-6CCD-4999-9F6B-662C069F80B1}.Release|Any CPU.Build.0 = Release|Any CPU
		{E0F6109A-6CCD-4999-9F6B-662C069F80B1}.Release|Any CPU.Deploy.0 = Release|Any CPU
		{2673E8AD-9F1B-4A9C-95FA-C5E2FD42C068}.Debug|Any CPU.ActiveCfg = Debug|Any CPU
		{2673E8AD-9F1B-4A9C-95FA-C5E2FD42C068}.Debug|Any CPU.Build.0 = Debug|Any CPU
		{2673E8AD-9F1B-4A9C-95FA-C5E2FD42C068}.Release|Any CPU.ActiveCfg = Release|Any CPU
		{2673E8AD-9F1B-4A9C-95FA-C5E2FD42C068}.Release|Any CPU.Build.0 = Release|Any CPU
		{B9556633-8DB6-4B78-A498-2325E19FD8BD}.Debug|Any CPU.ActiveCfg = Debug|Any CPU
		{B9556633-8DB6-4B78-A498-2325E19FD8BD}.Debug|Any CPU.Build.0 = Debug|Any CPU
		{B9556633-8DB6-4B78-A498-2325E19FD8BD}.Release|Any CPU.ActiveCfg = Release|Any CPU
		{B9556633-8DB6-4B78-A498-2325E19FD8BD}.Release|Any CPU.Build.0 = Release|Any CPU
		{3AE4BA93-7530-4D43-BC2D-5C103B796EB5}.Debug|Any CPU.ActiveCfg = Debug|Any CPU
		{3AE4BA93-7530-4D43-BC2D-5C103B796EB5}.Debug|Any CPU.Build.0 = Debug|Any CPU
		{3AE4BA93-7530-4D43-BC2D-5C103B796EB5}.Release|Any CPU.ActiveCfg = Release|Any CPU
		{3AE4BA93-7530-4D43-BC2D-5C103B796EB5}.Release|Any CPU.Build.0 = Release|Any CPU
		{6116307A-F56C-44A6-9A58-FFFAF11464F2}.Debug|Any CPU.ActiveCfg = Debug|Any CPU
		{6116307A-F56C-44A6-9A58-FFFAF11464F2}.Debug|Any CPU.Build.0 = Debug|Any CPU
		{6116307A-F56C-44A6-9A58-FFFAF11464F2}.Release|Any CPU.ActiveCfg = Release|Any CPU
		{6116307A-F56C-44A6-9A58-FFFAF11464F2}.Release|Any CPU.Build.0 = Release|Any CPU
		{B6DE35E1-DCCC-4FEE-A443-5F1E34DB2A79}.Debug|Any CPU.ActiveCfg = Debug|Any CPU
		{B6DE35E1-DCCC-4FEE-A443-5F1E34DB2A79}.Debug|Any CPU.Build.0 = Debug|Any CPU
		{B6DE35E1-DCCC-4FEE-A443-5F1E34DB2A79}.Release|Any CPU.ActiveCfg = Release|Any CPU
		{B6DE35E1-DCCC-4FEE-A443-5F1E34DB2A79}.Release|Any CPU.Build.0 = Release|Any CPU
		{2A90F807-B3B7-4491-A2D0-DBA6753C3DF7}.Debug|Any CPU.ActiveCfg = Debug|Any CPU
		{2A90F807-B3B7-4491-A2D0-DBA6753C3DF7}.Debug|Any CPU.Build.0 = Debug|Any CPU
		{2A90F807-B3B7-4491-A2D0-DBA6753C3DF7}.Release|Any CPU.ActiveCfg = Release|Any CPU
		{2A90F807-B3B7-4491-A2D0-DBA6753C3DF7}.Release|Any CPU.Build.0 = Release|Any CPU
		{74F23A57-8ED9-46D3-B08F-9701DA81D61B}.Debug|Any CPU.ActiveCfg = Debug|Any CPU
		{74F23A57-8ED9-46D3-B08F-9701DA81D61B}.Debug|Any CPU.Build.0 = Debug|Any CPU
		{74F23A57-8ED9-46D3-B08F-9701DA81D61B}.Release|Any CPU.ActiveCfg = Release|Any CPU
		{74F23A57-8ED9-46D3-B08F-9701DA81D61B}.Release|Any CPU.Build.0 = Release|Any CPU
	EndGlobalSection
	GlobalSection(SolutionProperties) = preSolution
		HideSolutionNode = FALSE
	EndGlobalSection
	GlobalSection(NestedProjects) = preSolution
		{2673E8AD-9F1B-4A9C-95FA-C5E2FD42C068} = {4C587904-4350-4276-A86A-F451B712F3D0}
		{B9556633-8DB6-4B78-A498-2325E19FD8BD} = {4C587904-4350-4276-A86A-F451B712F3D0}
		{3AE4BA93-7530-4D43-BC2D-5C103B796EB5} = {4C587904-4350-4276-A86A-F451B712F3D0}
		{6116307A-F56C-44A6-9A58-FFFAF11464F2} = {4C587904-4350-4276-A86A-F451B712F3D0}
		{B6DE35E1-DCCC-4FEE-A443-5F1E34DB2A79} = {4C587904-4350-4276-A86A-F451B712F3D0}
		{2A90F807-B3B7-4491-A2D0-DBA6753C3DF7} = {4C587904-4350-4276-A86A-F451B712F3D0}
	EndGlobalSection
EndGlobal
